# This file was autogenerated by Stack.
# You should not edit this file by hand.
# For more information, please see the documentation at:
#   https://docs.haskellstack.org/en/stable/topics/lock_files

packages:
- completed:
    hackage: row-types-1.0.1.2@sha256:4d4c7cb95d06a32b28ba977852d52a26b4c1f695ef083a6fd874ab6d79933b64,3071
    pantry-tree:
      sha256: 6a3617038d3970095100d14d026c396002a115700500cf3004ffb67ae5a75611
      size: 1060
  original:
    hackage: row-types-1.0.1.2
- completed:
    hackage: mixed-types-num-0.6.2@sha256:b81f53db64835e43764ce8c25820ee3ed95693d13dec8eb5981eaef168d72663,3245
    pantry-tree:
      sha256: b668482a5c7e48635f09a5610b39c091c1a61360882965c43ab6ed41725df912
      size: 2593
  original:
    hackage: mixed-types-num-0.6.2
- completed:
    hackage: aern2-mp-0.2.16.1@sha256:13330cd0ce232f80a23e600d9d1ab01a6e66107841ecc60d20a5da4d6ee06157,3432
    pantry-tree:
      sha256: 895d385a3ee6ddf8d0c9cd941976f0954ccc8dfc598722590a6d9e7d0fb86145
      size: 2941
  original:
    hackage: aern2-mp-0.2.16.1
- completed:
    name: aern2-affarith
    pantry-tree:
      sha256: fcfd6af7232ab7e8b973e6f8a4fa69c7c4f1afda3bd255c46e37b1dbd1232d9d
      size: 922
    sha256: 5804b965485237687d6d582863a477eee8959d61327b5cfe96b6c690baa09bd4
    size: 168154703
    subdir: aern2-affarith
    url: https://github.com/michalkonecny/aern2/archive/08fd51c2168358831a220471d9b2ed1670e31d1d.tar.gz
    version: 0.2.16.0
  original:
    subdir: aern2-affarith
    url: https://github.com/michalkonecny/aern2/archive/08fd51c2168358831a220471d9b2ed1670e31d1d.tar.gz
- completed:
    commit: c77f581633cfc3a59b519af0d73235a5ecd789aa
    git: git@github.com:michalkonecny/branch-and-prune.git
    name: branch-and-prune
    pantry-tree:
      sha256: 38bc8e7fe2a4db0c518aed155cb9c0e283b9fb86eddea6ca851731269634c540
      size: 1820
    version: 0.1.0.0
  original:
    commit: c77f581633cfc3a59b519af0d73235a5ecd789aa
    git: git@github.com:michalkonecny/branch-and-prune.git
- completed:
    name: simplex-method
    pantry-tree:
      sha256: b86626d0975f1453a066bd8417fc1d7c74395be8c6379ae38e80e3384692a65d
      size: 1359
    sha256: 2088827f4c9bf1be840eddda5cfbb8bc080d62f8ac84c51f478ebc0d823273ae
    size: 39303
    url: https://github.com/rasheedja/simplex-method/archive/590c40f158204e97337d123fd3c2c7ebf237edb2.tar.gz
    version: 0.2.0.0
  original:
    url: https://github.com/rasheedja/simplex-method/archive/590c40f158204e97337d123fd3c2c7ebf237edb2.tar.gz
snapshots:
- completed:
    sha256: 238fa745b64f91184f9aa518fe04bdde6552533d169b0da5256670df83a0f1a9
    size: 721141
    url: https://raw.githubusercontent.com/commercialhaskell/stackage-snapshots/master/lts/22/44.yaml
  original: lts-22.44
