# This file was autogenerated by Stack.
# You should not edit this file by hand.
# For more information, please see the documentation at:
#   https://docs.haskellstack.org/en/stable/topics/lock_files

packages:
- completed:
    hackage: row-types-1.0.1.2@sha256:4d4c7cb95d06a32b28ba977852d52a26b4c1f695ef083a6fd874ab6d79933b64,3071
    pantry-tree:
      sha256: 6a3617038d3970095100d14d026c396002a115700500cf3004ffb67ae5a75611
      size: 1060
  original:
    hackage: row-types-1.0.1.2
- completed:
    hackage: mixed-types-num-0.6.2@sha256:b81f53db64835e43764ce8c25820ee3ed95693d13dec8eb5981eaef168d72663,3245
    pantry-tree:
      sha256: b668482a5c7e48635f09a5610b39c091c1a61360882965c43ab6ed41725df912
      size: 2593
  original:
    hackage: mixed-types-num-0.6.2
- completed:
    hackage: aern2-mp-0.2.16.1@sha256:13330cd0ce232f80a23e600d9d1ab01a6e66107841ecc60d20a5da4d6ee06157,3432
    pantry-tree:
      sha256: 895d385a3ee6ddf8d0c9cd941976f0954ccc8dfc598722590a6d9e7d0fb86145
      size: 2941
  original:
    hackage: aern2-mp-0.2.16.1
- completed:
    name: aern2-affarith
    pantry-tree:
      sha256: 0a234454a04c3077412227ca6fddc371f8f226810c3bac03730141b104e9583d
      size: 975
    sha256: 5d349e579ab5441f4e7e1307d8e29f84f9dbbec1fef63b50099cc014fed659f7
    size: 168157337
    subdir: aern2-affarith
    url: https://github.com/rasheedja/aern2/archive/6eac5490fb235932f934909f5b04baf3b0ed4577.tar.gz
    version: 0.2.16.0
  original:
    subdir: aern2-affarith
    url: https://github.com/rasheedja/aern2/archive/6eac5490fb235932f934909f5b04baf3b0ed4577.tar.gz
- completed:
    commit: c77f581633cfc3a59b519af0d73235a5ecd789aa
    git: git@github.com:michalkonecny/branch-and-prune.git
    name: branch-and-prune
    pantry-tree:
      sha256: 38bc8e7fe2a4db0c518aed155cb9c0e283b9fb86eddea6ca851731269634c540
      size: 1820
    version: 0.1.0.0
  original:
    commit: c77f581633cfc3a59b519af0d73235a5ecd789aa
    git: git@github.com:michalkonecny/branch-and-prune.git
- completed:
    name: simplex-method
    pantry-tree:
      sha256: 734e9e2b5468d01faf8fd90d538f21ce8df9c86d3dbee347f1c488b0c02422c7
      size: 1359
    sha256: 01ecc3399632d8f24929270d5badb9dad319e3dcf587f27b1c79ddb4e32c41eb
    size: 41955
    url: https://github.com/rasheedja/simplex-method/archive/9d59ab1579adb8bc871101e6c766c502407f6413.tar.gz
    version: 0.2.0.0
  original:
    url: https://github.com/rasheedja/simplex-method/archive/9d59ab1579adb8bc871101e6c766c502407f6413.tar.gz
snapshots:
- completed:
    sha256: 238fa745b64f91184f9aa518fe04bdde6552533d169b0da5256670df83a0f1a9
    size: 721141
    url: https://raw.githubusercontent.com/commercialhaskell/stackage-snapshots/master/lts/22/44.yaml
  original: lts-22.44
