# This file was autogenerated by Stack.
# You should not edit this file by hand.
# For more information, please see the documentation at:
#   https://docs.haskellstack.org/en/stable/topics/lock_files

packages:
- completed:
    hackage: row-types-1.0.1.2@sha256:4d4c7cb95d06a32b28ba977852d52a26b4c1f695ef083a6fd874ab6d79933b64,3071
    pantry-tree:
      sha256: 6a3617038d3970095100d14d026c396002a115700500cf3004ffb67ae5a75611
      size: 1060
  original:
    hackage: row-types-1.0.1.2
- completed:
    hackage: mixed-types-num-0.6.2@sha256:b81f53db64835e43764ce8c25820ee3ed95693d13dec8eb5981eaef168d72663,3245
    pantry-tree:
      sha256: b668482a5c7e48635f09a5610b39c091c1a61360882965c43ab6ed41725df912
      size: 2593
  original:
    hackage: mixed-types-num-0.6.2
- completed:
    hackage: aern2-mp-0.2.16.1@sha256:13330cd0ce232f80a23e600d9d1ab01a6e66107841ecc60d20a5da4d6ee06157,3432
    pantry-tree:
      sha256: 895d385a3ee6ddf8d0c9cd941976f0954ccc8dfc598722590a6d9e7d0fb86145
      size: 2941
  original:
    hackage: aern2-mp-0.2.16.1
- completed:
    name: aern2-affarith
    pantry-tree:
      sha256: 88a66c4c675db155a3a73b8b3768bdb9a65d06724c3ff67648aa526c540ceb4a
      size: 922
    sha256: e26e83221953b43bd83a2baaa1c150e2df77e2b8e50b279cf86d9546afd70207
    size: 168152731
    subdir: aern2-affarith
    url: https://github.com/michalkonecny/aern2/archive/b9ec190cf9e2e165672b56e11690ae172fee3cde.tar.gz
    version: 0.2.16.0
  original:
    subdir: aern2-affarith
    url: https://github.com/michalkonecny/aern2/archive/b9ec190cf9e2e165672b56e11690ae172fee3cde.tar.gz
- completed:
    commit: c496038d44c328ae79fd7acd0b015bd7f9428294
    git: git@github.com:michalkonecny/branch-and-prune.git
    name: branch-and-prune
    pantry-tree:
      sha256: edf6343622571d7807f0f0765cf4ec747195b984ad8736ea7e8a143fcddf2d9e
      size: 1820
    version: 0.1.0.0
  original:
    commit: c496038d44c328ae79fd7acd0b015bd7f9428294
    git: git@github.com:michalkonecny/branch-and-prune.git
- completed:
    name: simplex-method
    pantry-tree:
      sha256: 93e0214c8c4d820566261e2972d6e1b4d13ee70d78133907d4ee0a8cbc4b5160
      size: 1359
    sha256: 6b66ada9afb1ccf13bd084d3f4588a35bf314571faa98b64aaaae33696040d3e
    size: 38778
    url: https://github.com/rasheedja/simplex-method/archive/389ea32300b536b20b42b80c9ee23b156e736dc1.tar.gz
    version: 0.2.0.0
  original:
    url: https://github.com/rasheedja/simplex-method/archive/389ea32300b536b20b42b80c9ee23b156e736dc1.tar.gz
snapshots:
- completed:
    sha256: 238fa745b64f91184f9aa518fe04bdde6552533d169b0da5256670df83a0f1a9
    size: 721141
    url: https://raw.githubusercontent.com/commercialhaskell/stackage-snapshots/master/lts/22/44.yaml
  original: lts-22.44
